
Microsoft Visual Studio Solution File, Format Version 12.00
# Visual Studio Version 17
VisualStudioVersion = 17.9.34714.143
MinimumVisualStudioVersion = 10.0.40219.1
Project("{FAE04EC0-301F-11D3-BF4B-00C04F79EFBC}") = "evaluacion_api", "evaluacion_api\evaluacion_api.csproj", "{371FC4B0-CDAC-4566-A015-1469C41FB874}"
EndProject
Global
	GlobalSection(SolutionConfigurationPlatforms) = preSolution
		Debug|Any CPU = Debug|Any CPU
		Release|Any CPU = Release|Any CPU
	EndGlobalSection
	GlobalSection(ProjectConfigurationPlatforms) = postSolution
		{371FC4B0-CDAC-4566-A015-1469C41FB874}.Debug|Any CPU.ActiveCfg = Debug|Any CPU
		{371FC4B0-CDAC-4566-A015-1469C41FB874}.Debug|Any CPU.Build.0 = Debug|Any CPU
		{371FC4B0-CDAC-4566-A015-1469C41FB874}.Release|Any CPU.ActiveCfg = Release|Any CPU
		{371FC4B0-CDAC-4566-A015-1469C41FB874}.Release|Any CPU.Build.0 = Release|Any CPU
	EndGlobalSection
	GlobalSection(SolutionProperties) = preSolution
		HideSolutionNode = FALSE
	EndGlobalSection
	GlobalSection(ExtensibilityGlobals) = postSolution
		SolutionGuid = {B8F17603-6A65-4679-8884-A9BDE3A296AE}
	EndGlobalSection
EndGlobal
